
Microsoft Visual Studio Solution File, Format Version 12.00
# Visual Studio Version 17
VisualStudioVersion = 17.0.31903.59
MinimumVisualStudioVersion = 10.0.40219.1
Project("{2150E333-8FDC-42A3-9474-1A3956D46DE8}") = "src", "src", "{827E0CD3-B72D-47B6-A68D-7590B98EB39B}"
EndProject
Project("{FAE04EC0-301F-11D3-BF4B-00C04F79EFBC}") = "AgentKit.Core", "src\AgentKit.Core\AgentKit.Core.csproj", "{26407C69-C8CD-4507-9681-A26B0DC9D236}"
EndProject
Project("{FAE04EC0-301F-11D3-BF4B-00C04F79EFBC}") = "AgentKit.Locking", "src\AgentKit.Locking\AgentKit.Locking.csproj", "{E303CBF3-6BD7-422B-914A-CB2A265EF737}"
EndProject
Project("{FAE04EC0-301F-11D3-BF4B-00C04F79EFBC}") = "AgentKit.Runs", "src\AgentKit.Runs\AgentKit.Runs.csproj", "{9DF218D3-F7E1-41B4-B72B-2F6E97C7EF77}"
EndProject
Project("{FAE04EC0-301F-11D3-BF4B-00C04F79EFBC}") = "AgentKit.Unreal", "src\AgentKit.Unreal\AgentKit.Unreal.csproj", "{1FDFD6C9-0444-4059-9493-16E53AB4F924}"
EndProject
Project("{FAE04EC0-301F-11D3-BF4B-00C04F79EFBC}") = "AgentKit.Vcs", "src\AgentKit.Vcs\AgentKit.Vcs.csproj", "{06245B51-50A9-4B88-A29F-A8219A5FB0D0}"
EndProject
Project("{FAE04EC0-301F-11D3-BF4B-00C04F79EFBC}") = "uak", "src\uak\uak.csproj", "{E62CFDCC-6E11-4427-9F7D-753FD197B739}"
EndProject
Project("{2150E333-8FDC-42A3-9474-1A3956D46DE8}") = "tests", "tests", "{0AB3BF05-4346-4AA6-1389-037BE0695223}"
EndProject
Project("{FAE04EC0-301F-11D3-BF4B-00C04F79EFBC}") = "AgentKit.Core.Tests", "tests\AgentKit.Core.Tests\AgentKit.Core.Tests.csproj", "{AC6F82A6-ADBF-44A6-838F-006EE7CF21F5}"
EndProject
Project("{FAE04EC0-301F-11D3-BF4B-00C04F79EFBC}") = "AgentKit.Locking.Tests", "tests\AgentKit.Locking.Tests\AgentKit.Locking.Tests.csproj", "{B96E3A91-C3AE-4D79-9E92-140B6CDF6859}"
EndProject
Project("{FAE04EC0-301F-11D3-BF4B-00C04F79EFBC}") = "AgentKit.Runs.Tests", "tests\AgentKit.Runs.Tests\AgentKit.Runs.Tests.csproj", "{BDE9109D-30DD-4F96-852B-C1111C7D6672}"
EndProject
Project("{FAE04EC0-301F-11D3-BF4B-00C04F79EFBC}") = "AgentKit.Unreal.Tests", "tests\AgentKit.Unreal.Tests\AgentKit.Unreal.Tests.csproj", "{71229195-2740-46A2-9646-F8F967085D07}"
EndProject
Project("{FAE04EC0-301F-11D3-BF4B-00C04F79EFBC}") = "AgentKit.Vcs.Tests", "tests\AgentKit.Vcs.Tests\AgentKit.Vcs.Tests.csproj", "{6B3CCDC3-3E0F-4ED9-84BB-6A62DBED3BE5}"
EndProject
Project("{FAE04EC0-301F-11D3-BF4B-00C04F79EFBC}") = "UakSampleCommands", "tests\UakSampleCommands\UakSampleCommands.csproj", "{3120D425-7CC3-4949-9665-26CF38327927}"
EndProject
Project("{FAE04EC0-301F-11D3-BF4B-00C04F79EFBC}") = "AgentKit.TestChild", "tests\AgentKit.TestChild\AgentKit.TestChild.csproj", "{5D6F3028-859D-424F-96E7-4CFEC65E41A7}"
EndProject
Global
	GlobalSection(SolutionConfigurationPlatforms) = preSolution
		Debug|Any CPU = Debug|Any CPU
		Debug|x64 = Debug|x64
		Debug|x86 = Debug|x86
		Release|Any CPU = Release|Any CPU
		Release|x64 = Release|x64
		Release|x86 = Release|x86
	EndGlobalSection
	GlobalSection(ProjectConfigurationPlatforms) = postSolution
		{26407C69-C8CD-4507-9681-A26B0DC9D236}.Debug|Any CPU.ActiveCfg = Debug|Any CPU
		{26407C69-C8CD-4507-9681-A26B0DC9D236}.Debug|Any CPU.Build.0 = Debug|Any CPU
		{26407C69-C8CD-4507-9681-A26B0DC9D236}.Debug|x64.ActiveCfg = Debug|Any CPU
		{26407C69-C8CD-4507-9681-A26B0DC9D236}.Debug|x64.Build.0 = Debug|Any CPU
		{26407C69-C8CD-4507-9681-A26B0DC9D236}.Debug|x86.ActiveCfg = Debug|Any CPU
		{26407C69-C8CD-4507-9681-A26B0DC9D236}.Debug|x86.Build.0 = Debug|Any CPU
		{26407C69-C8CD-4507-9681-A26B0DC9D236}.Release|Any CPU.ActiveCfg = Release|Any CPU
		{26407C69-C8CD-4507-9681-A26B0DC9D236}.Release|Any CPU.Build.0 = Release|Any CPU
		{26407C69-C8CD-4507-9681-A26B0DC9D236}.Release|x64.ActiveCfg = Release|Any CPU
		{26407C69-C8CD-4507-9681-A26B0DC9D236}.Release|x64.Build.0 = Release|Any CPU
		{26407C69-C8CD-4507-9681-A26B0DC9D236}.Release|x86.ActiveCfg = Release|Any CPU
		{26407C69-C8CD-4507-9681-A26B0DC9D236}.Release|x86.Build.0 = Release|Any CPU
		{E303CBF3-6BD7-422B-914A-CB2A265EF737}.Debug|Any CPU.ActiveCfg = Debug|Any CPU
		{E303CBF3-6BD7-422B-914A-CB2A265EF737}.Debug|Any CPU.Build.0 = Debug|Any CPU
		{E303CBF3-6BD7-422B-914A-CB2A265EF737}.Debug|x64.ActiveCfg = Debug|Any CPU
		{E303CBF3-6BD7-422B-914A-CB2A265EF737}.Debug|x64.Build.0 = Debug|Any CPU
		{E303CBF3-6BD7-422B-914A-CB2A265EF737}.Debug|x86.ActiveCfg = Debug|Any CPU
		{E303CBF3-6BD7-422B-914A-CB2A265EF737}.Debug|x86.Build.0 = Debug|Any CPU
		{E303CBF3-6BD7-422B-914A-CB2A265EF737}.Release|Any CPU.ActiveCfg = Release|Any CPU
		{E303CBF3-6BD7-422B-914A-CB2A265EF737}.Release|Any CPU.Build.0 = Release|Any CPU
		{E303CBF3-6BD7-422B-914A-CB2A265EF737}.Release|x64.ActiveCfg = Release|Any CPU
		{E303CBF3-6BD7-422B-914A-CB2A265EF737}.Release|x64.Build.0 = Release|Any CPU
		{E303CBF3-6BD7-422B-914A-CB2A265EF737}.Release|x86.ActiveCfg = Release|Any CPU
		{E303CBF3-6BD7-422B-914A-CB2A265EF737}.Release|x86.Build.0 = Release|Any CPU
		{9DF218D3-F7E1-41B4-B72B-2F6E97C7EF77}.Debug|Any CPU.ActiveCfg = Debug|Any CPU
		{9DF218D3-F7E1-41B4-B72B-2F6E97C7EF77}.Debug|Any CPU.Build.0 = Debug|Any CPU
		{9DF218D3-F7E1-41B4-B72B-2F6E97C7EF77}.Debug|x64.ActiveCfg = Debug|Any CPU
		{9DF218D3-F7E1-41B4-B72B-2F6E97C7EF77}.Debug|x64.Build.0 = Debug|Any CPU
		{9DF218D3-F7E1-41B4-B72B-2F6E97C7EF77}.Debug|x86.ActiveCfg = Debug|Any CPU
		{9DF218D3-F7E1-41B4-B72B-2F6E97C7EF77}.Debug|x86.Build.0 = Debug|Any CPU
		{9DF218D3-F7E1-41B4-B72B-2F6E97C7EF77}.Release|Any CPU.ActiveCfg = Release|Any CPU
		{9DF218D3-F7E1-41B4-B72B-2F6E97C7EF77}.Release|Any CPU.Build.0 = Release|Any CPU
		{9DF218D3-F7E1-41B4-B72B-2F6E97C7EF77}.Release|x64.ActiveCfg = Release|Any CPU
		{9DF218D3-F7E1-41B4-B72B-2F6E97C7EF77}.Release|x64.Build.0 = Release|Any CPU
		{9DF218D3-F7E1-41B4-B72B-2F6E97C7EF77}.Release|x86.ActiveCfg = Release|Any CPU
		{9DF218D3-F7E1-41B4-B72B-2F6E97C7EF77}.Release|x86.Build.0 = Release|Any CPU
		{1FDFD6C9-0444-4059-9493-16E53AB4F924}.Debug|Any CPU.ActiveCfg = Debug|Any CPU
		{1FDFD6C9-0444-4059-9493-16E53AB4F924}.Debug|Any CPU.Build.0 = Debug|Any CPU
		{1FDFD6C9-0444-4059-9493-16E53AB4F924}.Debug|x64.ActiveCfg = Debug|Any CPU
		{1FDFD6C9-0444-4059-9493-16E53AB4F924}.Debug|x64.Build.0 = Debug|Any CPU
		{1FDFD6C9-0444-4059-9493-16E53AB4F924}.Debug|x86.ActiveCfg = Debug|Any CPU
		{1FDFD6C9-0444-4059-9493-16E53AB4F924}.Debug|x86.Build.0 = Debug|Any CPU
		{1FDFD6C9-0444-4059-9493-16E53AB4F924}.Release|Any CPU.ActiveCfg = Release|Any CPU
		{1FDFD6C9-0444-4059-9493-16E53AB4F924}.Release|Any CPU.Build.0 = Release|Any CPU
		{1FDFD6C9-0444-4059-9493-16E53AB4F924}.Release|x64.ActiveCfg = Release|Any CPU
		{1FDFD6C9-0444-4059-9493-16E53AB4F924}.Release|x64.Build.0 = Release|Any CPU
		{1FDFD6C9-0444-4059-9493-16E53AB4F924}.Release|x86.ActiveCfg = Release|Any CPU
		{1FDFD6C9-0444-4059-9493-16E53AB4F924}.Release|x86.Build.0 = Release|Any CPU
		{06245B51-50A9-4B88-A29F-A8219A5FB0D0}.Debug|Any CPU.ActiveCfg = Debug|Any CPU
		{06245B51-50A9-4B88-A29F-A8219A5FB0D0}.Debug|Any CPU.Build.0 = Debug|Any CPU
		{06245B51-50A9-4B88-A29F-A8219A5FB0D0}.Debug|x64.ActiveCfg = Debug|Any CPU
		{06245B51-50A9-4B88-A29F-A8219A5FB0D0}.Debug|x64.Build.0 = Debug|Any CPU
		{06245B51-50A9-4B88-A29F-A8219A5FB0D0}.Debug|x86.ActiveCfg = Debug|Any CPU
		{06245B51-50A9-4B88-A29F-A8219A5FB0D0}.Debug|x86.Build.0 = Debug|Any CPU
		{06245B51-50A9-4B88-A29F-A8219A5FB0D0}.Release|Any CPU.ActiveCfg = Release|Any CPU
		{06245B51-50A9-4B88-A29F-A8219A5FB0D0}.Release|Any CPU.Build.0 = Release|Any CPU
		{06245B51-50A9-4B88-A29F-A8219A5FB0D0}.Release|x64.ActiveCfg = Release|Any CPU
		{06245B51-50A9-4B88-A29F-A8219A5FB0D0}.Release|x64.Build.0 = Release|Any CPU
		{06245B51-50A9-4B88-A29F-A8219A5FB0D0}.Release|x86.ActiveCfg = Release|Any CPU
		{06245B51-50A9-4B88-A29F-A8219A5FB0D0}.Release|x86.Build.0 = Release|Any CPU
		{E62CFDCC-6E11-4427-9F7D-753FD197B739}.Debug|Any CPU.ActiveCfg = Debug|Any CPU
		{E62CFDCC-6E11-4427-9F7D-753FD197B739}.Debug|Any CPU.Build.0 = Debug|Any CPU
		{E62CFDCC-6E11-4427-9F7D-753FD197B739}.Debug|x64.ActiveCfg = Debug|Any CPU
		{E62CFDCC-6E11-4427-9F7D-753FD197B739}.Debug|x64.Build.0 = Debug|Any CPU
		{E62CFDCC-6E11-4427-9F7D-753FD197B739}.Debug|x86.ActiveCfg = Debug|Any CPU
		{E62CFDCC-6E11-4427-9F7D-753FD197B739}.Debug|x86.Build.0 = Debug|Any CPU
		{E62CFDCC-6E11-4427-9F7D-753FD197B739}.Release|Any CPU.ActiveCfg = Release|Any CPU
		{E62CFDCC-6E11-4427-9F7D-753FD197B739}.Release|Any CPU.Build.0 = Release|Any CPU
		{E62CFDCC-6E11-4427-9F7D-753FD197B739}.Release|x64.ActiveCfg = Release|Any CPU
		{E62CFDCC-6E11-4427-9F7D-753FD197B739}.Release|x64.Build.0 = Release|Any CPU
		{E62CFDCC-6E11-4427-9F7D-753FD197B739}.Release|x86.ActiveCfg = Release|Any CPU
		{E62CFDCC-6E11-4427-9F7D-753FD197B739}.Release|x86.Build.0 = Release|Any CPU
		{AC6F82A6-ADBF-44A6-838F-006EE7CF21F5}.Debug|Any CPU.ActiveCfg = Debug|Any CPU
		{AC6F82A6-ADBF-44A6-838F-006EE7CF21F5}.Debug|Any CPU.Build.0 = Debug|Any CPU
		{AC6F82A6-ADBF-44A6-838F-006EE7CF21F5}.Debug|x64.ActiveCfg = Debug|Any CPU
		{AC6F82A6-ADBF-44A6-838F-006EE7CF21F5}.Debug|x64.Build.0 = Debug|Any CPU
		{AC6F82A6-ADBF-44A6-838F-006EE7CF21F5}.Debug|x86.ActiveCfg = Debug|Any CPU
		{AC6F82A6-ADBF-44A6-838F-006EE7CF21F5}.Debug|x86.Build.0 = Debug|Any CPU
		{AC6F82A6-ADBF-44A6-838F-006EE7CF21F5}.Release|Any CPU.ActiveCfg = Release|Any CPU
		{AC6F82A6-ADBF-44A6-838F-006EE7CF21F5}.Release|Any CPU.Build.0 = Release|Any CPU
		{AC6F82A6-ADBF-44A6-838F-006EE7CF21F5}.Release|x64.ActiveCfg = Release|Any CPU
		{AC6F82A6-ADBF-44A6-838F-006EE7CF21F5}.Release|x64.Build.0 = Release|Any CPU
		{AC6F82A6-ADBF-44A6-838F-006EE7CF21F5}.Release|x86.ActiveCfg = Release|Any CPU
		{AC6F82A6-ADBF-44A6-838F-006EE7CF21F5}.Release|x86.Build.0 = Release|Any CPU
		{B96E3A91-C3AE-4D79-9E92-140B6CDF6859}.Debug|Any CPU.ActiveCfg = Debug|Any CPU
		{B96E3A91-C3AE-4D79-9E92-140B6CDF6859}.Debug|Any CPU.Build.0 = Debug|Any CPU
		{B96E3A91-C3AE-4D79-9E92-140B6CDF6859}.Debug|x64.ActiveCfg = Debug|Any CPU
		{B96E3A91-C3AE-4D79-9E92-140B6CDF6859}.Debug|x64.Build.0 = Debug|Any CPU
		{B96E3A91-C3AE-4D79-9E92-140B6CDF6859}.Debug|x86.ActiveCfg = Debug|Any CPU
		{B96E3A91-C3AE-4D79-9E92-140B6CDF6859}.Debug|x86.Build.0 = Debug|Any CPU
		{B96E3A91-C3AE-4D79-9E92-140B6CDF6859}.Release|Any CPU.ActiveCfg = Release|Any CPU
		{B96E3A91-C3AE-4D79-9E92-140B6CDF6859}.Release|Any CPU.Build.0 = Release|Any CPU
		{B96E3A91-C3AE-4D79-9E92-140B6CDF6859}.Release|x64.ActiveCfg = Release|Any CPU
		{B96E3A91-C3AE-4D79-9E92-140B6CDF6859}.Release|x64.Build.0 = Release|Any CPU
		{B96E3A91-C3AE-4D79-9E92-140B6CDF6859}.Release|x86.ActiveCfg = Release|Any CPU
		{B96E3A91-C3AE-4D79-9E92-140B6CDF6859}.Release|x86.Build.0 = Release|Any CPU
		{BDE9109D-30DD-4F96-852B-C1111C7D6672}.Debug|Any CPU.ActiveCfg = Debug|Any CPU
		{BDE9109D-30DD-4F96-852B-C1111C7D6672}.Debug|Any CPU.Build.0 = Debug|Any CPU
		{BDE9109D-30DD-4F96-852B-C1111C7D6672}.Debug|x64.ActiveCfg = Debug|Any CPU
		{BDE9109D-30DD-4F96-852B-C1111C7D6672}.Debug|x64.Build.0 = Debug|Any CPU
		{BDE9109D-30DD-4F96-852B-C1111C7D6672}.Debug|x86.ActiveCfg = Debug|Any CPU
		{BDE9109D-30DD-4F96-852B-C1111C7D6672}.Debug|x86.Build.0 = Debug|Any CPU
		{BDE9109D-30DD-4F96-852B-C1111C7D6672}.Release|Any CPU.ActiveCfg = Release|Any CPU
		{BDE9109D-30DD-4F96-852B-C1111C7D6672}.Release|Any CPU.Build.0 = Release|Any CPU
		{BDE9109D-30DD-4F96-852B-C1111C7D6672}.Release|x64.ActiveCfg = Release|Any CPU
		{BDE9109D-30DD-4F96-852B-C1111C7D6672}.Release|x64.Build.0 = Release|Any CPU
		{BDE9109D-30DD-4F96-852B-C1111C7D6672}.Release|x86.ActiveCfg = Release|Any CPU
		{BDE9109D-30DD-4F96-852B-C1111C7D6672}.Release|x86.Build.0 = Release|Any CPU
		{71229195-2740-46A2-9646-F8F967085D07}.Debug|Any CPU.ActiveCfg = Debug|Any CPU
		{71229195-2740-46A2-9646-F8F967085D07}.Debug|Any CPU.Build.0 = Debug|Any CPU
		{71229195-2740-46A2-9646-F8F967085D07}.Debug|x64.ActiveCfg = Debug|Any CPU
		{71229195-2740-46A2-9646-F8F967085D07}.Debug|x64.Build.0 = Debug|Any CPU
		{71229195-2740-46A2-9646-F8F967085D07}.Debug|x86.ActiveCfg = Debug|Any CPU
		{71229195-2740-46A2-9646-F8F967085D07}.Debug|x86.Build.0 = Debug|Any CPU
		{71229195-2740-46A2-9646-F8F967085D07}.Release|Any CPU.ActiveCfg = Release|Any CPU
		{71229195-2740-46A2-9646-F8F967085D07}.Release|Any CPU.Build.0 = Release|Any CPU
		{71229195-2740-46A2-9646-F8F967085D07}.Release|x64.ActiveCfg = Release|Any CPU
		{71229195-2740-46A2-9646-F8F967085D07}.Release|x64.Build.0 = Release|Any CPU
		{71229195-2740-46A2-9646-F8F967085D07}.Release|x86.ActiveCfg = Release|Any CPU
		{71229195-2740-46A2-9646-F8F967085D07}.Release|x86.Build.0 = Release|Any CPU
		{6B3CCDC3-3E0F-4ED9-84BB-6A62DBED3BE5}.Debug|Any CPU.ActiveCfg = Debug|Any CPU
		{6B3CCDC3-3E0F-4ED9-84BB-6A62DBED3BE5}.Debug|Any CPU.Build.0 = Debug|Any CPU
		{6B3CCDC3-3E0F-4ED9-84BB-6A62DBED3BE5}.Debug|x64.ActiveCfg = Debug|Any CPU
		{6B3CCDC3-3E0F-4ED9-84BB-6A62DBED3BE5}.Debug|x64.Build.0 = Debug|Any CPU
		{6B3CCDC3-3E0F-4ED9-84BB-6A62DBED3BE5}.Debug|x86.ActiveCfg = Debug|Any CPU
		{6B3CCDC3-3E0F-4ED9-84BB-6A62DBED3BE5}.Debug|x86.Build.0 = Debug|Any CPU
		{6B3CCDC3-3E0F-4ED9-84BB-6A62DBED3BE5}.Release|Any CPU.ActiveCfg = Release|Any CPU
		{6B3CCDC3-3E0F-4ED9-84BB-6A62DBED3BE5}.Release|Any CPU.Build.0 = Release|Any CPU
		{6B3CCDC3-3E0F-4ED9-84BB-6A62DBED3BE5}.Release|x64.ActiveCfg = Release|Any CPU
		{6B3CCDC3-3E0F-4ED9-84BB-6A62DBED3BE5}.Release|x64.Build.0 = Release|Any CPU
		{6B3CCDC3-3E0F-4ED9-84BB-6A62DBED3BE5}.Release|x86.ActiveCfg = Release|Any CPU
		{6B3CCDC3-3E0F-4ED9-84BB-6A62DBED3BE5}.Release|x86.Build.0 = Release|Any CPU
		{3120D425-7CC3-4949-9665-26CF38327927}.Debug|Any CPU.ActiveCfg = Debug|Any CPU
		{3120D425-7CC3-4949-9665-26CF38327927}.Debug|Any CPU.Build.0 = Debug|Any CPU
		{3120D425-7CC3-4949-9665-26CF38327927}.Debug|x64.ActiveCfg = Debug|Any CPU
		{3120D425-7CC3-4949-9665-26CF38327927}.Debug|x64.Build.0 = Debug|Any CPU
		{3120D425-7CC3-4949-9665-26CF38327927}.Debug|x86.ActiveCfg = Debug|Any CPU
		{3120D425-7CC3-4949-9665-26CF38327927}.Debug|x86.Build.0 = Debug|Any CPU
		{3120D425-7CC3-4949-9665-26CF38327927}.Release|Any CPU.ActiveCfg = Release|Any CPU
		{3120D425-7CC3-4949-9665-26CF38327927}.Release|Any CPU.Build.0 = Release|Any CPU
		{3120D425-7CC3-4949-9665-26CF38327927}.Release|x64.ActiveCfg = Release|Any CPU
		{3120D425-7CC3-4949-9665-26CF38327927}.Release|x64.Build.0 = Release|Any CPU
		{3120D425-7CC3-4949-9665-26CF38327927}.Release|x86.ActiveCfg = Release|Any CPU
		{3120D425-7CC3-4949-9665-26CF38327927}.Release|x86.Build.0 = Release|Any CPU
		{5D6F3028-859D-424F-96E7-4CFEC65E41A7}.Debug|Any CPU.ActiveCfg = Debug|Any CPU
		{5D6F3028-859D-424F-96E7-4CFEC65E41A7}.Debug|Any CPU.Build.0 = Debug|Any CPU
		{5D6F3028-859D-424F-96E7-4CFEC65E41A7}.Debug|x64.ActiveCfg = Debug|Any CPU
		{5D6F3028-859D-424F-96E7-4CFEC65E41A7}.Debug|x64.Build.0 = Debug|Any CPU
		{5D6F3028-859D-424F-96E7-4CFEC65E41A7}.Debug|x86.ActiveCfg = Debug|Any CPU
		{5D6F3028-859D-424F-96E7-4CFEC65E41A7}.Debug|x86.Build.0 = Debug|Any CPU
		{5D6F3028-859D-424F-96E7-4CFEC65E41A7}.Release|Any CPU.ActiveCfg = Release|Any CPU
		{5D6F3028-859D-424F-96E7-4CFEC65E41A7}.Release|Any CPU.Build.0 = Release|Any CPU
		{5D6F3028-859D-424F-96E7-4CFEC65E41A7}.Release|x64.ActiveCfg = Release|Any CPU
		{5D6F3028-859D-424F-96E7-4CFEC65E41A7}.Release|x64.Build.0 = Release|Any CPU
		{5D6F3028-859D-424F-96E7-4CFEC65E41A7}.Release|x86.ActiveCfg = Release|Any CPU
		{5D6F3028-859D-424F-96E7-4CFEC65E41A7}.Release|x86.Build.0 = Release|Any CPU
	EndGlobalSection
	GlobalSection(SolutionProperties) = preSolution
		HideSolutionNode = FALSE
	EndGlobalSection
	GlobalSection(NestedProjects) = preSolution
		{26407C69-C8CD-4507-9681-A26B0DC9D236} = {827E0CD3-B72D-47B6-A68D-7590B98EB39B}
		{E303CBF3-6BD7-422B-914A-CB2A265EF737} = {827E0CD3-B72D-47B6-A68D-7590B98EB39B}
		{9DF218D3-F7E1-41B4-B72B-2F6E97C7EF77} = {827E0CD3-B72D-47B6-A68D-7590B98EB39B}
		{1FDFD6C9-0444-4059-9493-16E53AB4F924} = {827E0CD3-B72D-47B6-A68D-7590B98EB39B}
		{06245B51-50A9-4B88-A29F-A8219A5FB0D0} = {827E0CD3-B72D-47B6-A68D-7590B98EB39B}
		{E62CFDCC-6E11-4427-9F7D-753FD197B739} = {827E0CD3-B72D-47B6-A68D-7590B98EB39B}
		{AC6F82A6-ADBF-44A6-838F-006EE7CF21F5} = {0AB3BF05-4346-4AA6-1389-037BE0695223}
		{B96E3A91-C3AE-4D79-9E92-140B6CDF6859} = {0AB3BF05-4346-4AA6-1389-037BE0695223}
		{BDE9109D-30DD-4F96-852B-C1111C7D6672} = {0AB3BF05-4346-4AA6-1389-037BE0695223}
		{71229195-2740-46A2-9646-F8F967085D07} = {0AB3BF05-4346-4AA6-1389-037BE0695223}
		{6B3CCDC3-3E0F-4ED9-84BB-6A62DBED3BE5} = {0AB3BF05-4346-4AA6-1389-037BE0695223}
		{3120D425-7CC3-4949-9665-26CF38327927} = {0AB3BF05-4346-4AA6-1389-037BE0695223}
		{5D6F3028-859D-424F-96E7-4CFEC65E41A7} = {0AB3BF05-4346-4AA6-1389-037BE0695223}
	EndGlobalSection
EndGlobal
